
Microsoft Visual Studio Solution File, Format Version 12.00
# Visual Studio Version 16
VisualStudioVersion = 16.0.30608.117
MinimumVisualStudioVersion = 10.0.40219.1
Project("{FAE04EC0-301F-11D3-BF4B-00C04F79EFBC}") = "PasswordManagerFunctionApp", "PasswordManagerFunctionApp\PasswordManagerFunctionApp.csproj", "{4BA456C6-CE4F-4B3E-998C-7B02487663B7}"
EndProject
Project("{FAE04EC0-301F-11D3-BF4B-00C04F79EFBC}") = "DataAccessLayer", "DataAccessLayer\DataAccessLayer.csproj", "{4F6C5100-1488-478E-9D66-A74FDB38A1F8}"
EndProject
Global
	GlobalSection(SolutionConfigurationPlatforms) = preSolution
		Debug|Any CPU = Debug|Any CPU
		Release|Any CPU = Release|Any CPU
	EndGlobalSection
	GlobalSection(ProjectConfigurationPlatforms) = postSolution
		{4BA456C6-CE4F-4B3E-998C-7B02487663B7}.Debug|Any CPU.ActiveCfg = Debug|Any CPU
		{4BA456C6-CE4F-4B3E-998C-7B02487663B7}.Debug|Any CPU.Build.0 = Debug|Any CPU
		{4BA456C6-CE4F-4B3E-998C-7B02487663B7}.Release|Any CPU.ActiveCfg = Release|Any CPU
		{4BA456C6-CE4F-4B3E-998C-7B02487663B7}.Release|Any CPU.Build.0 = Release|Any CPU
		{4F6C5100-1488-478E-9D66-A74FDB38A1F8}.Debug|Any CPU.ActiveCfg = Debug|Any CPU
		{4F6C5100-1488-478E-9D66-A74FDB38A1F8}.Debug|Any CPU.Build.0 = Debug|Any CPU
		{4F6C5100-1488-478E-9D66-A74FDB38A1F8}.Release|Any CPU.ActiveCfg = Release|Any CPU
		{4F6C5100-1488-478E-9D66-A74FDB38A1F8}.Release|Any CPU.Build.0 = Release|Any CPU
	EndGlobalSection
	GlobalSection(SolutionProperties) = preSolution
		HideSolutionNode = FALSE
	EndGlobalSection
	GlobalSection(ExtensibilityGlobals) = postSolution
		SolutionGuid = {331EAFD0-8022-4C01-869D-0ADE3526DAAC}
	EndGlobalSection
EndGlobal
